
Microsoft Visual Studio Solution File, Format Version 12.00
# Visual Studio Version 17
VisualStudioVersion = 17.9.34616.47
MinimumVisualStudioVersion = 10.0.40219.1
Project("{FAE04EC0-301F-11D3-BF4B-00C04F79EFBC}") = "BeverageAPI", "BeverageAPI\BeverageAPI.csproj", "{89BBA185-1F38-4B70-83F7-E604D494E448}"
EndProject
Global
	GlobalSection(SolutionConfigurationPlatforms) = preSolution
		Debug|Any CPU = Debug|Any CPU
		Release|Any CPU = Release|Any CPU
	EndGlobalSection
	GlobalSection(ProjectConfigurationPlatforms) = postSolution
		{89BBA185-1F38-4B70-83F7-E604D494E448}.Debug|Any CPU.ActiveCfg = Debug|Any CPU
		{89BBA185-1F38-4B70-83F7-E604D494E448}.Debug|Any CPU.Build.0 = Debug|Any CPU
		{89BBA185-1F38-4B70-83F7-E604D494E448}.Release|Any CPU.ActiveCfg = Release|Any CPU
		{89BBA185-1F38-4B70-83F7-E604D494E448}.Release|Any CPU.Build.0 = Release|Any CPU
	EndGlobalSection
	GlobalSection(SolutionProperties) = preSolution
		HideSolutionNode = FALSE
	EndGlobalSection
	GlobalSection(ExtensibilityGlobals) = postSolution
		SolutionGuid = {4CD4642C-6738-4577-8FA1-8F18EAF8819B}
	EndGlobalSection
EndGlobal
